
Microsoft Visual Studio Solution File, Format Version 12.00
# Visual Studio Version 16
VisualStudioVersion = 16.0.29709.97
MinimumVisualStudioVersion = 10.0.40219.1
Project("{FAE04EC0-301F-11D3-BF4B-00C04F79EFBC}") = "WindowsFormsBoat", "WindowsFormsBoat\WindowsFormsBoat.csproj", "{97D3595B-7EAD-4804-A08D-6076B8B2A5DC}"
EndProject
Global
	GlobalSection(SolutionConfigurationPlatforms) = preSolution
		Debug|Any CPU = Debug|Any CPU
		Release|Any CPU = Release|Any CPU
	EndGlobalSection
	GlobalSection(ProjectConfigurationPlatforms) = postSolution
		{97D3595B-7EAD-4804-A08D-6076B8B2A5DC}.Debug|Any CPU.ActiveCfg = Debug|Any CPU
		{97D3595B-7EAD-4804-A08D-6076B8B2A5DC}.Debug|Any CPU.Build.0 = Debug|Any CPU
		{97D3595B-7EAD-4804-A08D-6076B8B2A5DC}.Release|Any CPU.ActiveCfg = Release|Any CPU
		{97D3595B-7EAD-4804-A08D-6076B8B2A5DC}.Release|Any CPU.Build.0 = Release|Any CPU
	EndGlobalSection
	GlobalSection(SolutionProperties) = preSolution
		HideSolutionNode = FALSE
	EndGlobalSection
	GlobalSection(ExtensibilityGlobals) = postSolution
		SolutionGuid = {91C18253-23EA-4616-A0B1-91921CED1509}
	EndGlobalSection
EndGlobal
